{
    "_meta": {
        "hash": {
            "sha256": "3cdaed7a9b9595fed384f3fc08851c357b1079ff3171399c4df8a8ab6732679c"
        },
        "pipfile-spec": 6,
        "requires": {
            "python_version": "3.9"
        },
        "sources": [
            {
                "name": "pypi",
                "url": "https://pypi.python.org/simple",
                "verify_ssl": true
            }
        ]
    },
    "default": {},
    "develop": {}
}
